
Microsoft Visual Studio Solution File, Format Version 12.00
# Visual Studio Version 17
VisualStudioVersion = 17.3.32929.385
MinimumVisualStudioVersion = 10.0.40219.1
Project("{FAE04EC0-301F-11D3-BF4B-00C04F79EFBC}") = "Programm", "Programm\Programm.csproj", "{FC557133-4DE8-4877-B2B4-8D81B97373A1}"
EndProject
Global
	GlobalSection(SolutionConfigurationPlatforms) = preSolution
		Debug|Any CPU = Debug|Any CPU
		Release|Any CPU = Release|Any CPU
	EndGlobalSection
	GlobalSection(ProjectConfigurationPlatforms) = postSolution
		{FC557133-4DE8-4877-B2B4-8D81B97373A1}.Debug|Any CPU.ActiveCfg = Debug|Any CPU
		{FC557133-4DE8-4877-B2B4-8D81B97373A1}.Debug|Any CPU.Build.0 = Debug|Any CPU
		{FC557133-4DE8-4877-B2B4-8D81B97373A1}.Release|Any CPU.ActiveCfg = Release|Any CPU
		{FC557133-4DE8-4877-B2B4-8D81B97373A1}.Release|Any CPU.Build.0 = Release|Any CPU
	EndGlobalSection
	GlobalSection(SolutionProperties) = preSolution
		HideSolutionNode = FALSE
	EndGlobalSection
	GlobalSection(ExtensibilityGlobals) = postSolution
		SolutionGuid = {A3BB9B18-4FB6-485E-A740-155F9AFADEB0}
	EndGlobalSection
EndGlobal
